
Microsoft Visual Studio Solution File, Format Version 12.00
# Visual Studio Version 17
VisualStudioVersion = 17.1.32414.318
MinimumVisualStudioVersion = 10.0.40219.1
Project("{FAE04EC0-301F-11D3-BF4B-00C04F79EFBC}") = "Personal Website", "Personal Website\Personal Website.csproj", "{43E5E277-8E90-4BCE-9556-DAF093FFA451}"
EndProject
Global
	GlobalSection(SolutionConfigurationPlatforms) = preSolution
		Debug|Any CPU = Debug|Any CPU
		Release|Any CPU = Release|Any CPU
	EndGlobalSection
	GlobalSection(ProjectConfigurationPlatforms) = postSolution
		{43E5E277-8E90-4BCE-9556-DAF093FFA451}.Debug|Any CPU.ActiveCfg = Debug|Any CPU
		{43E5E277-8E90-4BCE-9556-DAF093FFA451}.Debug|Any CPU.Build.0 = Debug|Any CPU
		{43E5E277-8E90-4BCE-9556-DAF093FFA451}.Release|Any CPU.ActiveCfg = Release|Any CPU
		{43E5E277-8E90-4BCE-9556-DAF093FFA451}.Release|Any CPU.Build.0 = Release|Any CPU
	EndGlobalSection
	GlobalSection(SolutionProperties) = preSolution
		HideSolutionNode = FALSE
	EndGlobalSection
	GlobalSection(ExtensibilityGlobals) = postSolution
		SolutionGuid = {EAC7EFF1-92B1-46D8-A5D7-E5E640777FD7}
	EndGlobalSection
EndGlobal
